# This file is automatically @generated by Poetry 1.8.4 and should not be changed by hand.

[[package]]
name = "asgiref"
version = "3.12.1"
description = "ASGI specs, helper code, and adapters"
optional = false
python-versions = ">=3.10"
files = [
    {file = "asgiref-3.12.1-py3-none-any.whl", hash = "sha256:fe386d1c2bff7259ea95929266d12a8cf9a8b5a1c2598402967d8792e7a7c094"},
    {file = "asgiref-3.12.1.tar.gz", hash = "sha256:59dcb51c272ad209d59bed5708a64a333083e86017d7fcdd67498eeab7784340"},
]

[package.extras]
mypy = ["mypy (>=1.14.0)"]
tests = ["pytest", "pytest-asyncio"]

[[package]]
name = "astroid"
version = "3.3.11"
description = "An abstract syntax tree for Python with inference support."
optional = false
python-versions = ">=3.9.0"
files = [
    {file = "astroid-3.3.11-py3-none-any.whl", hash = "sha256:54c760ae8322ece1abd213057c4b5bba7c49818853fc901ef09719a60dbf9dec"},
    {file = "astroid-3.3.11.tar.gz", hash = "sha256:1e5a5011af2920c7c67a53f65d536d65bfa7116feeaf2354d8b94f29573bb0ce"},
]

[[package]]
name = "colorama"
version = "0.4.6"
description = "Cross-platform colored terminal text."
optional = false
python-versions = "!=3.0.*,!=3.1.*,!=3.2.*,!=3.3.*,!=3.4.*,!=3.5.*,!=3.6.*,>=2.7"
files = [
    {file = "colorama-0.4.6-py2.py3-none-any.whl", hash = "sha256:4f1d9991f5acc0ca119f9d443620b77f9d6b33703e51011c16baf57afb285fc6"},
    {file = "colorama-0.4.6.tar.gz", hash = "sha256:08695f5cb7ed6e0531a20572697297273c47b8cae5a63ffc6d6ed5c201be6e44"},
]

[[package]]
name = "coverage"
version = "7.15.1"
description = "Code coverage measurement for Python"
optional = false
python-versions = ">=3.10"
files = [
    {file = "coverage-7.15.1-cp310-cp310-macosx_10_9_x86_64.whl", hash = "sha256:05d87c2a43373ad6b976d0a99ad58c48633633bcdeb896dc645a006472cc4a71"},
    {file = "coverage-7.15.1-cp310-cp310-macosx_11_0_arm64.whl", hash = "sha256:2afce82f2cf8f4c9002746a42755e1dc61baff33d9f7ab5569b4c9101f8f4d1d"},
    {file = "coverage-7.15.1-cp310-cp310-manylinux1_i686.manylinux_2_28_i686.manylinux_2_5_i686.whl", hash = "sha256:0a545ef5384d787d0fcac6c349afc2c5f99dcc39e13ed3c191b2c06305f64c04"},
    {file = "coverage-7.15.1-cp310-cp310-manylinux1_x86_64.manylinux_2_28_x86_64.manylinux_2_5_x86_64.whl", hash = "sha256:afaa144b8f5b3bc69fe0ce50d401c46b01ab264782553bfd05a3f98804524ecb"},
    {file = "coverage-7.15.1-cp310-cp310-manylinux2014_aarch64.manylinux_2_17_aarch64.manylinux_2_28_aarch64.whl", hash = "sha256:e1b6099490e5f88569c46b18605f556c3b30acc9a0a219cf7ef8fab8f7161ec4"},
    {file = "coverage-7.15.1-cp310-cp310-manylinux2014_ppc64le.manylinux_2_17_ppc64le.manylinux_2_28_ppc64le.whl", hash = "sha256:bb5f6c2cf1ffd0bf2bd925c7cdcae9b4f208e9696d453ed51eb1f5fa0cc5b45b"},
    {file = "coverage-7.15.1-cp310-cp310-manylinux_2_31_riscv64.manylinux_2_39_riscv64.whl", hash = "sha256:81572011fc1fc271317da35da593944daef7bfd507085e35751abbe702b74f69"},
    {file = "coverage-7.15.1-cp310-cp310-musllinux_1_2_aarch64.whl", hash = "sha256:8f765d13c08497687d0780cca66115c6aa4ba6703ad43b61e94fab9db689e3a3"},
    {file = "coverage-7.15.1-cp310-cp310-musllinux_1_2_i686.whl", hash = "sha256:771caba880fee96493d18dfc465c318e08ab74e3bc2a3e4089e52514be6a6e54"},
    {file = "coverage-7.15.1-cp310-cp310-musllinux_1_2_ppc64le.whl", hash = "sha256:433a73200848e80f27712fc113b6ff5311f29b479a7d3bd4b1106138a77f9674"},
    {file = "coverage-7.15.1-cp310-cp310-musllinux_1_2_riscv64.whl", hash = "sha256:5d6fa45079db9fbeba0a69e3d91189f05301d6ac918162a53179d32fc9ed4910"},
    {file = "coverage-7.15.1-cp310-cp310-musllinux_1_2_x86_64.whl", hash = "sha256:00b6703c6640075cdce5124e9335dfdf9167272475301828acfdd09c0e5ee731"},
    {file = "coverage-7.15.1-cp310-cp310-win32.whl", hash = "sha256:3ad9a0eac4728327fd870d52f74d2e631d176c5f178eaea2d9983ab5b9755a55"},
    {file = "coverage-7.15.1-cp310-cp310-win_amd64.whl", hash = "sha256:eb5fa75dc3d30e3a1b75da97973479b20ffa9b0641ff56d6e94b5f3e210daa54"},
    {file = "coverage-7.15.1-cp311-cp311-macosx_10_9_x86_64.whl", hash = "sha256:6506330b4a8dcf53b95bd84d8d0e817107cdb3fc1438e835029cdf0bc6612eb0"},
    {file = "coverage-7.15.1-cp311-cp311-macosx_11_0_arm64.whl", hash = "sha256:f8a51a8ec382c39d939cba0ab07ae949077ae4e842343bd4eed22d432358cea9"},
    {file = "coverage-7.15.1-cp311-cp311-manylinux1_i686.manylinux_2_28_i686.manylinux_2_5_i686.whl", hash = "sha256:18ea20e3922d7f8ca9e0ef1084408d08c4ad62d5e531cb9c1f6896a99297ebea"},
    {file = "coverage-7.15.1-cp311-cp311-manylinux1_x86_64.manylinux_2_28_x86_64.manylinux_2_5_x86_64.whl", hash = "sha256:aab9902a64b8390e3b56e539fddae1d79a267807fe5cb0c18d7d2f544ce867e2"},
    {file = "coverage-7.15.1-cp311-cp311-manylinux2014_aarch64.manylinux_2_17_aarch64.manylinux_2_28_aarch64.whl", hash = "sha256:8cc316264317b07a9e90d7f2b4188a15e36e9b54e651081b791b0515fa612a29"},
    {file = "coverage-7.15.1-cp311-cp311-manylinux2014_ppc64le.manylinux_2_17_ppc64le.manylinux_2_28_ppc64le.whl", hash = "sha256:d4e47e7eea81a8ccf060a07627654151d929da62c7b715738387c200905cec89"},
    {file = "coverage-7.15.1-cp311-cp311-manylinux_2_31_riscv64.manylinux_2_39_riscv64.whl", hash = "sha256:c6829d9a3b55ad2b73ef5fda8302e5be03683789e88b1a079dcf4a773229c21d"},
    {file = "coverage-7.15.1-cp311-cp311-musllinux_1_2_aarch64.whl", hash = "sha256:764e045811f9c8cda436641f3f088283351d331a519b5807f19041cd0a68da1c"},
    {file = "coverage-7.15.1-cp311-cp311-musllinux_1_2_i686.whl", hash = "sha256:09b3b088aa24489c4082bcc35fcc8224281ab94a653dfb6d3f0c8165b0d628ab"},
    {file = "coverage-7.15.1-cp311-cp311-musllinux_1_2_ppc64le.whl", hash = "sha256:7911b02f57053adf8164ae63edb1c26574d24dfccabadc5268cf69310a69a358"},
    {file = "coverage-7.15.1-cp311-cp311-musllinux_1_2_riscv64.whl", hash = "sha256:664e279ed40599b8ed16f4db18d92a7e212c73129672bec8f5d96d4da48d2404"},
    {file = "coverage-7.15.1-cp311-cp311-musllinux_1_2_x86_64.whl", hash = "sha256:34fe7cf79d5f1f87f2e8ce7dc1c32950841f50e10d0120f263856acfad66de34"},
    {file = "coverage-7.15.1-cp311-cp311-win32.whl", hash = "sha256:5e2d2536d2f57a354aa382ed303ac0e2e5c9522a508c05b998d26181b94163a7"},
    {file = "coverage-7.15.1-cp311-cp311-win_amd64.whl", hash = "sha256:c337da8fca7ea93ab43f3868cfcde6cf6dad32c3906b273cfbad5d7390bc423b"},
    {file = "coverage-7.15.1-cp311-cp311-win_arm64.whl", hash = "sha256:db3403fdb7a94d5eb73e099befad8104d2a7d110a0f0d99df0de61c5d1fa756c"},
    {file = "coverage-7.15.1-cp312-cp312-macosx_10_13_x86_64.whl", hash = "sha256:d9476292594309db922cc841dd13b303b3c388f4c25d279884f7e2341c681f80"},
    {file = "coverage-7.15.1-cp312-cp312-macosx_11_0_arm64.whl", hash = "sha256:0c579056b0de461b3a62318b63d0b6ce90aed7f8158d3f00da094df82f29d189"},
    {file = "coverage-7.15.1-cp312-cp312-manylinux1_i686.manylinux_2_28_i686.manylinux_2_5_i686.whl", hash = "sha256:23214bdbe226f2b0e9c66a7d6a1d59d4a88045dcf86e702cf0fe0d0935e3d615"},
    {file = "coverage-7.15.1-cp312-cp312-manylinux1_x86_64.manylinux_2_28_x86_64.manylinux_2_5_x86_64.whl", hash = "sha256:df164be93b46b4825cc39339440a05edc54c4d1d865ba4a60fd43d151a2a1cd3"},
    {file = "coverage-7.15.1-cp312-cp312-manylinux2014_aarch64.manylinux_2_17_aarch64.manylinux_2_28_aarch64.whl", hash = "sha256:a524fca1a6f08927d9dc2d4c873cfb7bd7202c247f08b14bdc02424071b8b304"},
    {file = "coverage-7.15.1-cp312-cp312-manylinux2014_ppc64le.manylinux_2_17_ppc64le.manylinux_2_28_ppc64le.whl", hash = "sha256:d70f3542cd38de85a9e257dcb1ac4c1ab4b6d7d2c2a645809207556628755d1c"},
    {file = "coverage-7.15.1-cp312-cp312-manylinux_2_31_riscv64.manylinux_2_39_riscv64.whl", hash = "sha256:d78aa537237212c4313aabe5e964b66acc86350ed19ebc56a3e202df33b6077b"},
    {file = "coverage-7.15.1-cp312-cp312-musllinux_1_2_aarch64.whl", hash = "sha256:a318112bb4f79d9d04766196d5a3388caa825908a6a9b052aa87de3d9aea7c61"},
    {file = "coverage-7.15.1-cp312-cp312-musllinux_1_2_i686.whl", hash = "sha256:e55d24cada901963eed5bc89fa562aa033f0d84b9d3de4ecf363737c13aed11e"},
    {file = "coverage-7.15.1-cp312-cp312-musllinux_1_2_ppc64le.whl", hash = "sha256:3c78f0cea7275342cf2adc2ad5fdd0aafa106ad91e66d573568f2fcf62c41df5"},
    {file = "coverage-7.15.1-cp312-cp312-musllinux_1_2_riscv64.whl", hash = "sha256:86bd37eabe39977216f630a7fc1b698e7f5e81a191c7186013245c6c3d313f9d"},
    {file = "coverage-7.15.1-cp312-cp312-musllinux_1_2_x86_64.whl", hash = "sha256:c6db15c217693bdc3ca0b84de1ba9afafe1c14c26a8a29d77f4ed0de2b6132e2"},
    {file = "coverage-7.15.1-cp312-cp312-win32.whl", hash = "sha256:359f3fbe09a51500c51966596ee4ee4070b356552c70b3b2420eb200d68e0f76"},
    {file = "coverage-7.15.1-cp312-cp312-win_amd64.whl", hash = "sha256:fa75dc099c126e941a9c0baa8ebd2cbc78bd778687534fe410baf754f6d9e374"},
    {file = "coverage-7.15.1-cp312-cp312-win_arm64.whl", hash = "sha256:26f89cf6d0634375f454fa71057945ad18edb0f1607a90fecf22c57dc3dc289a"},
    {file = "coverage-7.15.1-cp313-cp313-macosx_10_13_x86_64.whl", hash = "sha256:71ac4ca1658ca99160fd58cc6967110e989c34b04627f24ed6ec9f70fb24571a"},
    {file = "coverage-7.15.1-cp313-cp313-macosx_11_0_arm64.whl", hash = "sha256:26a40cbf2b13bd94af53ee02a424cb3bb96a9edfac0d00834bd068512a62714b"},
    {file = "coverage-7.15.1-cp313-cp313-manylinux1_i686.manylinux_2_28_i686.manylinux_2_5_i686.whl", hash = "sha256:f4c5a5eff4ad4f9f7088fd3fc7a66d98d06566ee294b3b053309fb0a3b45be1e"},
    {file = "coverage-7.15.1-cp313-cp313-manylinux1_x86_64.manylinux_2_28_x86_64.manylinux_2_5_x86_64.whl", hash = "sha256:962aa56c1c9b016d681265880eb6acc9966029d2c4c559319cc43a1abbb9b59a"},
    {file = "coverage-7.15.1-cp313-cp313-manylinux2014_aarch64.manylinux_2_17_aarch64.manylinux_2_28_aarch64.whl", hash = "sha256:1678eb2dc57a8ce67601b029582ef6d41e9e6ca22692aaeccd4107e40f27386c"},
    {file = "coverage-7.15.1-cp313-cp313-manylinux2014_ppc64le.manylinux_2_17_ppc64le.manylinux_2_28_ppc64le.whl", hash = "sha256:1174900a43f6f8c425fee10d7dbddc308adefcdc78aaced32357f5ab750a0e90"},
    {file = "coverage-7.15.1-cp313-cp313-manylinux_2_31_riscv64.manylinux_2_39_riscv64.whl", hash = "sha256:98847557a6859cadf693792ce89f440cb89692993f60dc6d3a7e35f3d340216f"},
    {file = "coverage-7.15.1-cp313-cp313-musllinux_1_2_aarch64.whl", hash = "sha256:8697b2edb57143546a24389efc11e1b000cd5800fc20d84f04edb601e4a7cfb8"},
    {file = "coverage-7.15.1-cp313-cp313-musllinux_1_2_i686.whl", hash = "sha256:6827ac0519be3fe91bf96b4060eb00d1d24f82649b29862cd75a3cfca248b02a"},
    {file = "coverage-7.15.1-cp313-cp313-musllinux_1_2_ppc64le.whl", hash = "sha256:2de8ecbbc77c7e4d22572779920ed8979c69168675e96be3a548c996568c6c31"},
    {file = "coverage-7.15.1-cp313-cp313-musllinux_1_2_riscv64.whl", hash = "sha256:2b25f0f0fa5260df9d7bb55d47c8bdc23fa3382c1a18f7c9cae122e6c320b1ad"},
    {file = "coverage-7.15.1-cp313-cp313-musllinux_1_2_x86_64.whl", hash = "sha256:4a2effcbd93ae340a58db718fe4181d967f84d352c4cefeaab4ff82ce813901a"},
    {file = "coverage-7.15.1-cp313-cp313-win32.whl", hash = "sha256:895e65c96aef0cecea250f6e35e9a32f11375514e1a0cb5210e0fda128c04e8e"},
    {file = "coverage-7.15.1-cp313-cp313-win_amd64.whl", hash = "sha256:f6d0a28b63a0d75f9ed5118105d1154fc3aa40a8605a30d5d87e3d043ad90fe7"},
    {file = "coverage-7.15.1-cp313-cp313-win_arm64.whl", hash = "sha256:b4ee9818e8bae3544379ad2c09b851c4fb886aaa8860d57a1c1316ddcb16db49"},
    {file = "coverage-7.15.1-cp314-cp314-macosx_10_15_x86_64.whl", hash = "sha256:a886af95f59edf67d5770fd3564d53f4a8af93f25f8c1d60d27e00d7f5674ee8"},
    {file = "coverage-7.15.1-cp314-cp314-macosx_11_0_arm64.whl", hash = "sha256:985657ebd707941de90d488d1cbb5efac20bdf81f7b91eba771624ccda4d36f4"},
    {file = "coverage-7.15.1-cp314-cp314-manylinux1_i686.manylinux_2_28_i686.manylinux_2_5_i686.whl", hash = "sha256:5bbe2a06e0a5e1404d9ffbdb49b819bbd6a3bb198ebea4c8dfe7ad9f1e1c2e81"},
    {file = "coverage-7.15.1-cp314-cp314-manylinux1_x86_64.manylinux_2_28_x86_64.manylinux_2_5_x86_64.whl", hash = "sha256:bde0fe24083d0b7b3dbafa7a09f0796410af1afa2523f28f5f208d8340a4aaca"},
    {file = "coverage-7.15.1-cp314-cp314-manylinux2014_aarch64.manylinux_2_17_aarch64.manylinux_2_28_aarch64.whl", hash = "sha256:f89f7453d6d46db14cf233e2cd8edcd78de2b9c49d4f1dc109590b4e5dbfbb74"},
    {file = "coverage-7.15.1-cp314-cp314-manylinux2014_ppc64le.manylinux_2_17_ppc64le.manylinux_2_28_ppc64le.whl", hash = "sha256:cc3656c9ecc27b36bd0907455b77f83c0069ca9ad4a66dec892b76c696eb6047"},
    {file = "coverage-7.15.1-cp314-cp314-manylinux_2_31_riscv64.manylinux_2_39_riscv64.whl", hash = "sha256:24d8e85a2a45e44883b488c2659f51fa761dad5353fdb319b672a93facbd2ca9"},
    {file = "coverage-7.15.1-cp314-cp314-musllinux_1_2_aarch64.whl", hash = "sha256:68931b5fe746ed4fdaa8892989cab9e6c35781eeb3b0ab2ded893d561e1b3652"},
    {file = "coverage-7.15.1-cp314-cp314-musllinux_1_2_i686.whl", hash = "sha256:1ce6947e2a95534ecaa5a15e73c21e550514c980d80eda204d064d789a95f6a4"},
    {file = "coverage-7.15.1-cp314-cp314-musllinux_1_2_ppc64le.whl", hash = "sha256:841befdbc89b9c82435fc25b0f4f41858b6238693e45af758bec4cfc1968171c"},
    {file = "coverage-7.15.1-cp314-cp314-musllinux_1_2_riscv64.whl", hash = "sha256:5d3de58b837375e7f4c0e1a088ccab5f655efb2fd7427b729df02c862a559633"},
    {file = "coverage-7.15.1-cp314-cp314-musllinux_1_2_x86_64.whl", hash = "sha256:b1801963f9f44ae0c0f6d737bc7aeb2bbcde7d1fe7e3b43cddc1961af42d3b41"},
    {file = "coverage-7.15.1-cp314-cp314-win32.whl", hash = "sha256:8c7953c4128ef53b6ffb5f90d87c87d4ce26731df294760bb2314eb0e069e44b"},
    {file = "coverage-7.15.1-cp314-cp314-win_amd64.whl", hash = "sha256:6f0bab60a582d415f0fb535ccff13ba334a47a1538f98913330a525d23bd535a"},
    {file = "coverage-7.15.1-cp314-cp314-win_arm64.whl", hash = "sha256:0f410ee8f0ac4ec7db71bc0b7632a8b9994e1cad2755bd1566c17e6a162caa74"},
    {file = "coverage-7.15.1-cp314-cp314t-macosx_10_15_x86_64.whl", hash = "sha256:fc868bab88e049d41fcd41766810d790a8b960053be2a45e060f5ce0d31d258b"},
    {file = "coverage-7.15.1-cp314-cp314t-macosx_11_0_arm64.whl", hash = "sha256:206d4ec6028f2773b40932d09f074539d6bcdd8f6b318d40cb04bdbd68ed0b49"},
    {file = "coverage-7.15.1-cp314-cp314t-manylinux1_i686.manylinux_2_28_i686.manylinux_2_5_i686.whl", hash = "sha256:620482ef1c9f4e61f962e159325fe77dea59d16e39d9c9470d069053b244d864"},
    {file = "coverage-7.15.1-cp314-cp314t-manylinux1_x86_64.manylinux_2_28_x86_64.manylinux_2_5_x86_64.whl", hash = "sha256:d385fc9b054e309ad3cecdc77b586d2af0c98aeec2fdb3773544586f366e817c"},
    {file = "coverage-7.15.1-cp314-cp314t-manylinux2014_aarch64.manylinux_2_17_aarch64.manylinux_2_28_aarch64.whl", hash = "sha256:f1198bca9c0dd7c188aae1f185b0c0b5fc4f0a2b6909000858c29550320bdb07"},
    {file = "coverage-7.15.1-cp314-cp314t-manylinux2014_ppc64le.manylinux_2_17_ppc64le.manylinux_2_28_ppc64le.whl", hash = "sha256:5d0297e6a070eadb49df7cddd0ab6f420b8b689dd8904c7dd815a323168fa57e"},
    {file = "coverage-7.15.1-cp314-cp314t-manylinux_2_31_riscv64.manylinux_2_39_riscv64.whl", hash = "sha256:916fcf2214f56960e409561b37fc32a160a42b6e85483d0652d7b70fa55d707e"},
    {file = "coverage-7.15.1-cp314-cp314t-musllinux_1_2_aarch64.whl", hash = "sha256:f837bae572c7869ffaa502e604c87e182543012831cf87aae4586ad090ac6dcf"},
    {file = "coverage-7.15.1-cp314-cp314t-musllinux_1_2_i686.whl", hash = "sha256:3ea65e3ee6c7c32349fd00559927a9e577bdd72386087eeed1c42b62dfce9b82"},
    {file = "coverage-7.15.1-cp314-cp314t-musllinux_1_2_ppc64le.whl", hash = "sha256:345034976f46a1c54bd17f4e43eb30bb92cb7082fcddff03250cff136cc4eb82"},
    {file = "coverage-7.15.1-cp314-cp314t-musllinux_1_2_riscv64.whl", hash = "sha256:4f051a64eb8f8addb4661c2b41d6eea5b7ebc68ad4b2baea8d9bc54e1956e5f7"},
    {file = "coverage-7.15.1-cp314-cp314t-musllinux_1_2_x86_64.whl", hash = "sha256:a7625770f7720b49bb30d194ad2f8d50fab3c5177874af3d2399676f95f9c594"},
    {file = "coverage-7.15.1-cp314-cp314t-win32.whl", hash = "sha256:81e503d130a472ad1bd38199ecd35116b40d92bcd31e27a2cacde035381f2070"},
    {file = "coverage-7.15.1-cp314-cp314t-win_amd64.whl", hash = "sha256:724e878b213b302ad46e9f2fc872d386613f20ebfc492a211482d917ea76c14f"},
    {file = "coverage-7.15.1-cp314-cp314t-win_arm64.whl", hash = "sha256:ce2f05c14d077f406fefc4fa5e4f093ad0e0787549f6582535d6e28766f0361b"},
    {file = "coverage-7.15.1-py3-none-any.whl", hash = "sha256:717d01e6e00bed56ad13306f19e0dd2f4f645ee8159d2c72c72301d6cfc7090c"},
    {file = "coverage-7.15.1.tar.gz", hash = "sha256:165e9949eaf222ef1f018635d0d7f368a23bfe0212af558534c40d8c04686d67"},
]

[package.extras]
toml = ["tomli"]

[[package]]
name = "dill"
version = "0.4.1"
description = "serialize all of Python"
optional = false
python-versions = ">=3.9"
files = [
    {file = "dill-0.4.1-py3-none-any.whl", hash = "sha256:1e1ce33e978ae97fcfcff5638477032b801c46c7c65cf717f95fbc2248f79a9d"},
    {file = "dill-0.4.1.tar.gz", hash = "sha256:423092df4182177d4d8ba8290c8a5b640c66ab35ec7da59ccfa00f6fa3eea5fa"},
]

[package.extras]
graph = ["objgraph (>=1.7.2)"]
profile = ["gprof2dot (>=2022.7.29)"]

[[package]]
name = "django"
version = "5.2.16"
description = "A high-level Python web framework that encourages rapid development and clean, pragmatic design."
optional = false
python-versions = ">=3.10"
files = [
    {file = "django-5.2.16-py3-none-any.whl", hash = "sha256:04f354bf9d807a86ad1a8392fe3808d362358a8eafc322848e0e43e59b24371d"},
    {file = "django-5.2.16.tar.gz", hash = "sha256:59ea02020c3136fce14bef0bbece21a10a4febef5eed1c51c22ae468efa22200"},
]

[package.dependencies]
asgiref = ">=3.8.1"
sqlparse = ">=0.3.1"
tzdata = {version = "*", markers = "sys_platform == \"win32\""}

[package.extras]
argon2 = ["argon2-cffi (>=19.1.0)"]
bcrypt = ["bcrypt"]

[[package]]
name = "django-cors-headers"
version = "4.9.0"
description = "django-cors-headers is a Django application for handling the server headers required for Cross-Origin Resource Sharing (CORS)."
optional = false
python-versions = ">=3.9"
files = [
    {file = "django_cors_headers-4.9.0-py3-none-any.whl", hash = "sha256:15c7f20727f90044dcee2216a9fd7303741a864865f0c3657e28b7056f61b449"},
    {file = "django_cors_headers-4.9.0.tar.gz", hash = "sha256:fe5d7cb59fdc2c8c646ce84b727ac2bca8912a247e6e68e1fb507372178e59e8"},
]

[package.dependencies]
asgiref = ">=3.6"
django = ">=4.2"

[[package]]
name = "django-environ"
version = "0.12.1"
description = "A package that allows you to utilize 12factor inspired environment variables to configure your Django application."
optional = false
python-versions = "<4,>=3.9"
files = [
    {file = "django_environ-0.12.1-py2.py3-none-any.whl", hash = "sha256:064ba2d5082f833e6d7fe4def4928bde1eedc0248a417575da7db147aeec1c20"},
    {file = "django_environ-0.12.1.tar.gz", hash = "sha256:22859c6e905ab7637fa3348d1787543bb4492f38d761104a3ce0519b7b752845"},
]

[package.extras]
develop = ["coverage[toml] (>=5.0a4)", "furo (>=2024.8.6)", "pytest (>=4.6.11)", "setuptools (>=71.0.0)", "sphinx (>=5.0)", "sphinx-notfound-page"]
docs = ["furo (>=2024.8.6)", "sphinx (>=5.0)", "sphinx-notfound-page"]
testing = ["coverage[toml] (>=5.0a4)", "pytest (>=4.6.11)", "setuptools (>=71.0.0)"]

[[package]]
name = "djangorestframework"
version = "3.17.1"
description = "Web APIs for Django, made easy."
optional = false
python-versions = ">=3.10"
files = [
    {file = "djangorestframework-3.17.1-py3-none-any.whl", hash = "sha256:c3c74dd3e83a5a3efc37b3c18d92bd6f86a6791c7b7d4dff62bb068500e76457"},
    {file = "djangorestframework-3.17.1.tar.gz", hash = "sha256:a6def5f447fe78ff853bff1d47a3c59bf38f5434b031780b351b0c73a62db1a5"},
]

[package.dependencies]
django = ">=4.2"

[[package]]
name = "djangorestframework-simplejwt"
version = "5.5.1"
description = "A minimal JSON Web Token authentication plugin for Django REST Framework"
optional = false
python-versions = ">=3.9"
files = [
    {file = "djangorestframework_simplejwt-5.5.1-py3-none-any.whl", hash = "sha256:2c30f3707053d384e9f315d11c2daccfcb548d4faa453111ca19a542b732e469"},
    {file = "djangorestframework_simplejwt-5.5.1.tar.gz", hash = "sha256:e72c5572f51d7803021288e2057afcbd03f17fe11d484096f40a460abc76e87f"},
]

[package.dependencies]
django = ">=4.2"
djangorestframework = ">=3.14"
pyjwt = ">=1.7.1"

[package.extras]
crypto = ["cryptography (>=3.3.1)"]
dev = ["Sphinx", "cryptography", "freezegun", "ipython", "pre-commit", "pytest", "pytest-cov", "pytest-django", "pytest-watch", "pytest-xdist", "python-jose (==3.3.0)", "pyupgrade", "ruff", "sphinx_rtd_theme (>=0.1.9)", "tox", "twine", "wheel", "yesqa"]
doc = ["Sphinx", "sphinx_rtd_theme (>=0.1.9)"]
lint = ["pre-commit", "pyupgrade", "ruff", "yesqa"]
python-jose = ["python-jose (==3.3.0)"]
test = ["cryptography", "freezegun", "pytest", "pytest-cov", "pytest-django", "pytest-xdist", "tox"]

[[package]]
name = "gunicorn"
version = "26.0.0"
description = "WSGI HTTP Server for UNIX"
optional = false
python-versions = ">=3.10"
files = [
    {file = "gunicorn-26.0.0-py3-none-any.whl", hash = "sha256:40233d26a5f0d1872916188c276e21641155111c2853f0c2cd55260aec0d24fc"},
    {file = "gunicorn-26.0.0.tar.gz", hash = "sha256:ca9346f85e3a4aeeb64d491045c16b9a35647abd37ea15efe53080eb8b090baf"},
]

[package.dependencies]
packaging = "*"

[package.extras]
fast = ["gunicorn_h1c (>=0.6.5)"]
gevent = ["gevent (>=24.10.1)"]
http2 = ["h2 (>=4.1.0)"]
setproctitle = ["setproctitle"]
testing = ["coverage", "gevent (>=24.10.1)", "h2 (>=4.1.0)", "httpx[http2]", "pytest", "pytest-asyncio", "pytest-cov", "uvloop (>=0.19.0)"]
tornado = ["tornado (>=6.5.0)"]

[[package]]
name = "iniconfig"
version = "2.3.0"
description = "brain-dead simple config-ini parsing"
optional = false
python-versions = ">=3.10"
files = [
    {file = "iniconfig-2.3.0-py3-none-any.whl", hash = "sha256:f631c04d2c48c52b84d0d0549c99ff3859c98df65b3101406327ecc7d53fbf12"},
    {file = "iniconfig-2.3.0.tar.gz", hash = "sha256:c76315c77db068650d49c5b56314774a7804df16fee4402c1f19d6d15d8c4730"},
]

[[package]]
name = "isort"
version = "6.1.0"
description = "A Python utility / library to sort Python imports."
optional = false
python-versions = ">=3.9.0"
files = [
    {file = "isort-6.1.0-py3-none-any.whl", hash = "sha256:58d8927ecce74e5087aef019f778d4081a3b6c98f15a80ba35782ca8a2097784"},
    {file = "isort-6.1.0.tar.gz", hash = "sha256:9b8f96a14cfee0677e78e941ff62f03769a06d412aabb9e2a90487b3b7e8d481"},
]

[package.extras]
colors = ["colorama"]
plugins = ["setuptools"]

[[package]]
name = "mccabe"
version = "0.7.0"
description = "McCabe checker, plugin for flake8"
optional = false
python-versions = ">=3.6"
files = [
    {file = "mccabe-0.7.0-py2.py3-none-any.whl", hash = "sha256:6c2d30ab6be0e4a46919781807b4f0d834ebdd6c6e3dca0bda5a15f863427b6e"},
    {file = "mccabe-0.7.0.tar.gz", hash = "sha256:348e0240c33b60bbdf4e523192ef919f28cb2c3d7d5c7794f74009290f236325"},
]

[[package]]
name = "mysqlclient"
version = "2.2.8"
description = "Python interface to MySQL"
optional = false
python-versions = ">=3.10"
files = [
    {file = "mysqlclient-2.2.8-cp310-cp310-win_amd64.whl", hash = "sha256:86db31bba7b3480fec2751350e9790e24f016f89af33a87bab7e79f7196474e8"},
    {file = "mysqlclient-2.2.8-cp311-cp311-win_amd64.whl", hash = "sha256:60c9ed339dc09e3d5380cc2a9f42e86754fee25a661ced77a02df77990664c92"},
    {file = "mysqlclient-2.2.8-cp312-cp312-win_amd64.whl", hash = "sha256:000c7ec3d11e7c411db832e4cfcd7f05db47464326381f5d5ae991b4bb572f93"},
    {file = "mysqlclient-2.2.8-cp313-cp313-win_amd64.whl", hash = "sha256:a81f5e12f8d05439709cb02fba97f9f76d1a6c528164f2260d8798fec969e300"},
    {file = "mysqlclient-2.2.8-cp314-cp314-win_amd64.whl", hash = "sha256:9bed7c8d3b629bdc09e17fb628d5b3b0a5fd1f12b09432b464b9126c727bedc0"},
    {file = "mysqlclient-2.2.8-cp314-cp314t-win_amd64.whl", hash = "sha256:260cce0e81446c83bf0a389e0fae38d68547d9f8fc0833bc733014e10ce28a99"},
    {file = "mysqlclient-2.2.8.tar.gz", hash = "sha256:8ed20c5615a915da451bb308c7d0306648a4fd9a2809ba95c992690006306199"},
]

[[package]]
name = "packaging"
version = "26.2"
description = "Core utilities for Python packages"
optional = false
python-versions = ">=3.8"
files = [
    {file = "packaging-26.2-py3-none-any.whl", hash = "sha256:5fc45236b9446107ff2415ce77c807cee2862cb6fac22b8a73826d0693b0980e"},
    {file = "packaging-26.2.tar.gz", hash = "sha256:ff452ff5a3e828ce110190feff1178bb1f2ea2281fa2075aadb987c2fb221661"},
]

[[package]]
name = "platformdirs"
version = "4.10.0"
description = "A small Python package for determining appropriate platform-specific dirs, e.g. a `user data dir`."
optional = false
python-versions = ">=3.10"
files = [
    {file = "platformdirs-4.10.0-py3-none-any.whl", hash = "sha256:fb516cdb12eb0d857d0cd85a7c57cea4d060bee4578d6cf5a14dfdf8cbf8784a"},
    {file = "platformdirs-4.10.0.tar.gz", hash = "sha256:31e761a6a0ca04faf7353ea759bdba55652be214725111e5aac52dfa29d4bef7"},
]

[[package]]
name = "pluggy"
version = "1.6.0"
description = "plugin and hook calling mechanisms for python"
optional = false
python-versions = ">=3.9"
files = [
    {file = "pluggy-1.6.0-py3-none-any.whl", hash = "sha256:e920276dd6813095e9377c0bc5566d94c932c33b27a3e3945d8389c374dd4746"},
    {file = "pluggy-1.6.0.tar.gz", hash = "sha256:7dcc130b76258d33b90f61b658791dede3486c3e6bfb003ee5c9bfb396dd22f3"},
]

[package.extras]
dev = ["pre-commit", "tox"]
testing = ["coverage", "pytest", "pytest-benchmark"]

[[package]]
name = "pygments"
version = "2.20.0"
description = "Pygments is a syntax highlighting package written in Python."
optional = false
python-versions = ">=3.9"
files = [
    {file = "pygments-2.20.0-py3-none-any.whl", hash = "sha256:81a9e26dd42fd28a23a2d169d86d7ac03b46e2f8b59ed4698fb4785f946d0176"},
    {file = "pygments-2.20.0.tar.gz", hash = "sha256:6757cd03768053ff99f3039c1a36d6c0aa0b263438fcab17520b30a303a82b5f"},
]

[package.extras]
windows-terminal = ["colorama (>=0.4.6)"]

[[package]]
name = "pyjwt"
version = "2.13.0"
description = "JSON Web Token implementation in Python"
optional = false
python-versions = ">=3.9"
files = [
    {file = "pyjwt-2.13.0-py3-none-any.whl", hash = "sha256:66adcc2aff09b3f1bbd95fc1e1577df8ac8723c978552fd43304c8a290ac5728"},
    {file = "pyjwt-2.13.0.tar.gz", hash = "sha256:41571c89ca91598c79e8ef18a2d07367d4810fbbd6f637794879baf1b7703423"},
]

[package.extras]
crypto = ["cryptography (>=3.4.0)"]

[[package]]
name = "pylint"
version = "3.3.9"
description = "python code static checker"
optional = false
python-versions = ">=3.9.0"
files = [
    {file = "pylint-3.3.9-py3-none-any.whl", hash = "sha256:01f9b0462c7730f94786c283f3e52a1fbdf0494bbe0971a78d7277ef46a751e7"},
    {file = "pylint-3.3.9.tar.gz", hash = "sha256:d312737d7b25ccf6b01cc4ac629b5dcd14a0fcf3ec392735ac70f137a9d5f83a"},
]

[package.dependencies]
astroid = ">=3.3.8,<=3.4.0.dev0"
colorama = {version = ">=0.4.5", markers = "sys_platform == \"win32\""}
dill = {version = ">=0.3.7", markers = "python_version >= \"3.12\""}
isort = ">=4.2.5,<5.13 || >5.13,<7"
mccabe = ">=0.6,<0.8"
platformdirs = ">=2.2"
tomlkit = ">=0.10.1"

[package.extras]
spelling = ["pyenchant (>=3.2,<4.0)"]
testutils = ["gitpython (>3)"]

[[package]]
name = "pytest"
version = "8.4.2"
description = "pytest: simple powerful testing with Python"
optional = false
python-versions = ">=3.9"
files = [
    {file = "pytest-8.4.2-py3-none-any.whl", hash = "sha256:872f880de3fc3a5bdc88a11b39c9710c3497a547cfa9320bc3c5e62fbf272e79"},
    {file = "pytest-8.4.2.tar.gz", hash = "sha256:86c0d0b93306b961d58d62a4db4879f27fe25513d4b969df351abdddb3c30e01"},
]

[package.dependencies]
colorama = {version = ">=0.4", markers = "sys_platform == \"win32\""}
iniconfig = ">=1"
packaging = ">=20"
pluggy = ">=1.5,<2"
pygments = ">=2.7.2"

[package.extras]
dev = ["argcomplete", "attrs (>=19.2)", "hypothesis (>=3.56)", "mock", "requests", "setuptools", "xmlschema"]

[[package]]
name = "sqlparse"
version = "0.5.5"
description = "A non-validating SQL parser."
optional = false
python-versions = ">=3.8"
files = [
    {file = "sqlparse-0.5.5-py3-none-any.whl", hash = "sha256:12a08b3bf3eec877c519589833aed092e2444e68240a3577e8e26148acc7b1ba"},
    {file = "sqlparse-0.5.5.tar.gz", hash = "sha256:e20d4a9b0b8585fdf63b10d30066c7c94c5d7a7ec47c889a2d83a3caa93ff28e"},
]

[package.extras]
dev = ["build"]
doc = ["sphinx"]

[[package]]
name = "tomlkit"
version = "0.15.0"
description = "Style preserving TOML library"
optional = false
python-versions = ">=3.9"
files = [
    {file = "tomlkit-0.15.0-py3-none-any.whl", hash = "sha256:4dbc8f0fc024412b57ced8757ac7461305126a648ff8c2c807fcb8e133a78738"},
    {file = "tomlkit-0.15.0.tar.gz", hash = "sha256:7d1a9ecba3086638211b13814ea79c90dd54dd11993564376f3aa92271f5c7a3"},
]

[[package]]
name = "tzdata"
version = "2026.3"
description = "Provider of IANA time zone data"
optional = false
python-versions = ">=2"
files = [
    {file = "tzdata-2026.3-py2.py3-none-any.whl", hash = "sha256:dc096730c87af6cab1b171c9d532be840741ff5d459015e7f6947bd7d7e54931"},
    {file = "tzdata-2026.3.tar.gz", hash = "sha256:4a1518b8993086a7982523e071643f3c0e5f213e75b21318e78bcabfff9d1415"},
]

[[package]]
name = "whitenoise"
version = "6.12.0"
description = "Radically simplified static file serving for WSGI applications"
optional = false
python-versions = ">=3.10"
files = [
    {file = "whitenoise-6.12.0-py3-none-any.whl", hash = "sha256:fc5e8c572e33ebf24795b47b6a7da8da3c00cff2349f5b04c02f28d0cc5a3cc2"},
    {file = "whitenoise-6.12.0.tar.gz", hash = "sha256:f723ebb76a112e98816ff80fcea0a6c9b8ecde835f8ddda25df7a30a3c2db6ad"},
]

[package.extras]
brotli = ["brotli"]

[metadata]
lock-version = "2.0"
python-versions = "^3.12.3"
content-hash = "b78f6e8f734aa1f731c29fc6d4f958e7f21e4949699ca891132c52dbca63614d"
